
Microsoft Visual Studio Solution File, Format Version 12.00
# Visual Studio 15
VisualStudioVersion = 15.0.26430.4
MinimumVisualStudioVersion = 10.0.40219.1
Project("{FAE04EC0-301F-11D3-BF4B-00C04F79EFBC}") = "Students.App", "Students.App\Students.App.csproj", "{22B0A50A-DA36-4573-AA2E-C47DB21196C6}"
EndProject
Project("{FAE04EC0-301F-11D3-BF4B-00C04F79EFBC}") = "Students.Entities", "Students.Entities\Students.Entities.csproj", "{B28C9FA4-AEFA-4996-BBDE-2F834C5818F1}"
EndProject
Project("{FAE04EC0-301F-11D3-BF4B-00C04F79EFBC}") = "Students.CustomAdapters", "Students.CustomAdapters\Students.CustomAdapters.csproj", "{C3A7E9C2-9B25-47E7-A42B-85013E420861}"
EndProject
Global
	GlobalSection(SolutionConfigurationPlatforms) = preSolution
		Debug|Any CPU = Debug|Any CPU
		Release|Any CPU = Release|Any CPU
	EndGlobalSection
	GlobalSection(ProjectConfigurationPlatforms) = postSolution
		{22B0A50A-DA36-4573-AA2E-C47DB21196C6}.Debug|Any CPU.ActiveCfg = Debug|Any CPU
		{22B0A50A-DA36-4573-AA2E-C47DB21196C6}.Debug|Any CPU.Build.0 = Debug|Any CPU
		{22B0A50A-DA36-4573-AA2E-C47DB21196C6}.Debug|Any CPU.Deploy.0 = Debug|Any CPU
		{22B0A50A-DA36-4573-AA2E-C47DB21196C6}.Release|Any CPU.ActiveCfg = Release|Any CPU
		{22B0A50A-DA36-4573-AA2E-C47DB21196C6}.Release|Any CPU.Build.0 = Release|Any CPU
		{22B0A50A-DA36-4573-AA2E-C47DB21196C6}.Release|Any CPU.Deploy.0 = Release|Any CPU
		{B28C9FA4-AEFA-4996-BBDE-2F834C5818F1}.Debug|Any CPU.ActiveCfg = Debug|Any CPU
		{B28C9FA4-AEFA-4996-BBDE-2F834C5818F1}.Debug|Any CPU.Build.0 = Debug|Any CPU
		{B28C9FA4-AEFA-4996-BBDE-2F834C5818F1}.Release|Any CPU.ActiveCfg = Release|Any CPU
		{B28C9FA4-AEFA-4996-BBDE-2F834C5818F1}.Release|Any CPU.Build.0 = Release|Any CPU
		{C3A7E9C2-9B25-47E7-A42B-85013E420861}.Debug|Any CPU.ActiveCfg = Debug|Any CPU
		{C3A7E9C2-9B25-47E7-A42B-85013E420861}.Debug|Any CPU.Build.0 = Debug|Any CPU
		{C3A7E9C2-9B25-47E7-A42B-85013E420861}.Release|Any CPU.ActiveCfg = Release|Any CPU
		{C3A7E9C2-9B25-47E7-A42B-85013E420861}.Release|Any CPU.Build.0 = Release|Any CPU
	EndGlobalSection
	GlobalSection(SolutionProperties) = preSolution
		HideSolutionNode = FALSE
	EndGlobalSection
EndGlobal
